{"format_version":"1.1","terraform_version":"1.3.5","variables":{"AWS_REGION":{"value":"us-east-1"},"TFC_INSTANCE_TYPE":{"value":"t2.micro"},"av_zones":{"value":["a","b","c"]},"default_route":{"value":"0.0.0.0/0"},"tfc_app_ami":{"value":"ami-0f2c126811ca75d0c"},"tfc_app_launch_script":{"value":"  #!/bin/bash\n  cd /home/ubuntu/frontend\n  sudo -u ubuntu pm2 serve build 3000 --spa --name AppFrontend\n  sudo -u ubuntu pm2 save \n"},"tfc_bke_ami":{"value":"ami-037f342acee5b762d"},"tfc_bke_launch_script":{"value":""},"vpc_cidr":{"value":"10.1.0.0/16"},"vpc_cidr_prefix":{"value":"10.1."}},"planned_values":{"root_module":{"resources":[{"address":"aws_autoscaling_group.tfc_app_asg","mode":"managed","type":"aws_autoscaling_group","name":"tfc_app_asg","provider_name":"registry.terraform.io/hashicorp/aws","schema_version":0,"values":{"capacity_rebalance":null,"context":null,"default_instance_warmup":null,"desired_capacity":3,"enabled_metrics":null,"force_delete":true,"force_delete_warm_pool":false,"health_check_grace_period":300,"health_check_type":"ELB","initial_lifecycle_hook":[],"instance_refresh":[],"launch_configuration":null,"launch_template":[{"version":"$Latest"}],"load_balancers":null,"max_instance_lifetime":null,"max_size":4,"metrics_granularity":"1Minute","min_elb_capacity":null,"min_size":3,"mixed_instances_policy":[],"name":"tfc_app_asg","placement_group":null,"protect_from_scale_in":false,"suspended_processes":null,"tag":[],"tags":null,"termination_policies":null,"timeouts":null,"wait_for_capacity_timeout":"10m","wait_for_elb_capacity":null,"warm_pool":[]},"sensitive_values":{"availability_zones":[],"initial_lifecycle_hook":[],"instance_refresh":[],"launch_template":[{}],"mixed_instances_policy":[],"tag":[],"target_group_arns":[],"vpc_zone_identifier":[],"warm_pool":[]}},{"address":"aws_autoscaling_group.tfc_bke_asg","mode":"managed","type":"aws_autoscaling_group","name":"tfc_bke_asg","provider_name":"registry.terraform.io/hashicorp/aws","schema_version":0,"values":{"capacity_rebalance":null,"context":null,"default_instance_warmup":null,"desired_capacity":3,"enabled_metrics":null,"force_delete":true,"force_delete_warm_pool":false,"health_check_grace_period":300,"health_check_type":"ELB","initial_lifecycle_hook":[],"instance_refresh":[],"launch_configuration":null,"launch_template":[{"version":"$Latest"}],"load_balancers":null,"max_instance_lifetime":null,"max_size":4,"metrics_granularity":"1Minute","min_elb_capacity":null,"min_size":3,"mixed_instances_policy":[],"name":"tfc_bke_asg","placement_group":null,"protect_from_scale_in":false,"suspended_processes":null,"tag":[],"tags":null,"termination_policies":null,"timeouts":null,"wait_for_capacity_timeout":"10m","wait_for_elb_capacity":null,"warm_pool":[]},"sensitive_values":{"availability_zones":[],"initial_lifecycle_hook":[],"instance_refresh":[],"launch_template":[{}],"mixed_instances_policy":[],"tag":[],"target_group_arns":[],"vpc_zone_identifier":[],"warm_pool":[]}},{"address":"aws_internet_gateway.tfc_igw","mode":"managed","type":"aws_internet_gateway","name":"tfc_igw","provider_name":"registry.terraform.io/hashicorp/aws","schema_version":0,"values":{"tags":{"Name":"Challenge Internet Gateway"},"tags_all":{"Name":"Challenge Internet Gateway"},"timeouts":null},"sensitive_values":{"tags":{},"tags_all":{}}},{"address":"aws_launch_template.tfc_app_ltplt","mode":"managed","type":"aws_launch_template","name":"tfc_app_ltplt","provider_name":"registry.terraform.io/hashicorp/aws","schema_version":0,"values":{"block_device_mappings":[],"capacity_reservation_specification":[],"cpu_options":[],"credit_specification":[],"description":null,"disable_api_stop":null,"disable_api_termination":null,"ebs_optimized":null,"elastic_gpu_specifications":[],"elastic_inference_accelerator":[],"enclave_options":[],"hibernation_options":[],"iam_instance_profile":[],"image_id":"ami-0f2c126811ca75d0c","instance_initiated_shutdown_behavior":"terminate","instance_market_options":[],"instance_requirements":[],"instance_type":"t2.micro","kernel_id":null,"key_name":null,"license_specification":[],"maintenance_options":[],"monitoring":[],"name":"tfc_app_ltplt","network_interfaces":[],"placement":[],"private_dns_name_options":[],"ram_disk_id":null,"security_group_names":null,"tag_specifications":[{"resource_type":"instance","tags":{"Name":"tfc_app_instance"}}],"tags":null,"update_default_version":null,"user_data":"ICAjIS9iaW4vYmFzaAogIGNkIC9ob21lL3VidW50dS9mcm9udGVuZAogIHN1ZG8gLXUgdWJ1bnR1IHBtMiBzZXJ2ZSBidWlsZCAzMDAwIC0tc3BhIC0tbmFtZSBBcHBGcm9udGVuZAogIHN1ZG8gLXUgdWJ1bnR1IHBtMiBzYXZlIAo="},"sensitive_values":{"block_device_mappings":[],"capacity_reservation_specification":[],"cpu_options":[],"credit_specification":[],"elastic_gpu_specifications":[],"elastic_inference_accelerator":[],"enclave_options":[],"hibernation_options":[],"iam_instance_profile":[],"instance_market_options":[],"instance_requirements":[],"license_specification":[],"maintenance_options":[],"metadata_options":[],"monitoring":[],"network_interfaces":[],"placement":[],"private_dns_name_options":[],"tag_specifications":[{"tags":{}}],"tags_all":{},"vpc_security_group_ids":[]}},{"address":"aws_launch_template.tfc_bke_ltplt","mode":"managed","type":"aws_launch_template","name":"tfc_bke_ltplt","provider_name":"registry.terraform.io/hashicorp/aws","schema_version":0,"values":{"block_device_mappings":[],"capacity_reservation_specification":[],"cpu_options":[],"credit_specification":[],"description":null,"disable_api_stop":null,"disable_api_termination":null,"ebs_optimized":null,"elastic_gpu_specifications":[],"elastic_inference_accelerator":[],"enclave_options":[],"hibernation_options":[],"iam_instance_profile":[],"image_id":"ami-037f342acee5b762d","instance_initiated_shutdown_behavior":"terminate","instance_market_options":[],"instance_requirements":[],"instance_type":"t2.micro","kernel_id":null,"key_name":null,"license_specification":[],"maintenance_options":[],"monitoring":[],"name":"tfc_bke_ltplt","network_interfaces":[],"placement":[],"private_dns_name_options":[],"ram_disk_id":null,"security_group_names":null,"tag_specifications":[{"resource_type":"instance","tags":{"Name":"tfc_bke_instance"}}],"tags":null,"update_default_version":null,"user_data":""},"sensitive_values":{"block_device_mappings":[],"capacity_reservation_specification":[],"cpu_options":[],"credit_specification":[],"elastic_gpu_specifications":[],"elastic_inference_accelerator":[],"enclave_options":[],"hibernation_options":[],"iam_instance_profile":[],"instance_market_options":[],"instance_requirements":[],"license_specification":[],"maintenance_options":[],"metadata_options":[],"monitoring":[],"network_interfaces":[],"placement":[],"private_dns_name_options":[],"tag_specifications":[{"tags":{}}],"tags_all":{},"vpc_security_group_ids":[]}},{"address":"aws_lb.tfc_app_alb","mode":"managed","type":"aws_lb","name":"tfc_app_alb","provider_name":"registry.terraform.io/hashicorp/aws","schema_version":0,"values":{"access_logs":[],"customer_owned_ipv4_pool":null,"desync_mitigation_mode":"defensive","drop_invalid_header_fields":false,"enable_cross_zone_load_balancing":null,"enable_deletion_protection":true,"enable_http2":true,"enable_waf_fail_open":false,"idle_timeout":60,"internal":false,"load_balancer_type":"application","name_prefix":null,"preserve_host_header":false,"tags":{"Environment":"production","name":"tfc_app_alb"},"tags_all":{"Environment":"production","name":"tfc_app_alb"},"timeouts":null},"sensitive_values":{"access_logs":[],"security_groups":[],"subnet_mapping":[],"subnets":[],"tags":{},"tags_all":{}}},{"address":"aws_lb.tfc_bke_alb","mode":"managed","type":"aws_lb","name":"tfc_bke_alb","provider_name":"registry.terraform.io/hashicorp/aws","schema_version":0,"values":{"access_logs":[],"customer_owned_ipv4_pool":null,"desync_mitigation_mode":"defensive","drop_invalid_header_fields":false,"enable_cross_zone_load_balancing":null,"enable_deletion_protection":true,"enable_http2":true,"enable_waf_fail_open":false,"idle_timeout":60,"internal":true,"load_balancer_type":"application","name_prefix":null,"preserve_host_header":false,"tags":{"Environment":"production","name":"tfc_bke_alb"},"tags_all":{"Environment":"production","name":"tfc_bke_alb"},"timeouts":null},"sensitive_values":{"access_logs":[],"security_groups":[],"subnet_mapping":[],"subnets":[],"tags":{},"tags_all":{}}},{"address":"aws_lb_listener.tfc_app_alb_listen","mode":"managed","type":"aws_lb_listener","name":"tfc_app_alb_listen","provider_name":"registry.terraform.io/hashicorp/aws","schema_version":0,"values":{"alpn_policy":null,"certificate_arn":null,"default_action":[{"authenticate_cognito":[],"authenticate_oidc":[],"fixed_response":[],"forward":[],"redirect":[],"type":"forward"}],"port":80,"protocol":"HTTP","tags":null,"timeouts":null},"sensitive_values":{"default_action":[{"authenticate_cognito":[],"authenticate_oidc":[],"fixed_response":[],"forward":[],"redirect":[]}],"tags_all":{}}},{"address":"aws_lb_listener.tfc_bke_alb_listen","mode":"managed","type":"aws_lb_listener","name":"tfc_bke_alb_listen","provider_name":"registry.terraform.io/hashicorp/aws","schema_version":0,"values":{"alpn_policy":null,"certificate_arn":null,"default_action":[{"authenticate_cognito":[],"authenticate_oidc":[],"fixed_response":[],"forward":[],"redirect":[],"type":"forward"}],"port":4000,"protocol":"TCP","tags":null,"timeouts":null},"sensitive_values":{"default_action":[{"authenticate_cognito":[],"authenticate_oidc":[],"fixed_response":[],"forward":[],"redirect":[]}],"tags_all":{}}},{"address":"aws_lb_target_group.tfc_app_tgt_grp","mode":"managed","type":"aws_lb_target_group","name":"tfc_app_tgt_grp","provider_name":"registry.terraform.io/hashicorp/aws","schema_version":0,"values":{"connection_termination":false,"deregistration_delay":"300","lambda_multi_value_headers_enabled":false,"name":"tfc-app-tgt-grp","name_prefix":null,"port":80,"protocol":"HTTP","proxy_protocol_v2":false,"slow_start":0,"tags":null,"target_type":"alb"},"sensitive_values":{"health_check":[],"stickiness":[],"tags_all":{},"target_failover":[]}},{"address":"aws_lb_target_group.tfc_bke_tgt_grp","mode":"managed","type":"aws_lb_target_group","name":"tfc_bke_tgt_grp","provider_name":"registry.terraform.io/hashicorp/aws","schema_version":0,"values":{"connection_termination":false,"deregistration_delay":"300","lambda_multi_value_headers_enabled":false,"name":"tfc-bke-tgt-grp","name_prefix":null,"port":4000,"protocol":"TCP","proxy_protocol_v2":false,"slow_start":0,"tags":null,"target_type":"alb"},"sensitive_values":{"health_check":[],"stickiness":[],"tags_all":{},"target_failover":[]}},{"address":"aws_route.default_pub_route","mode":"managed","type":"aws_route","name":"default_pub_route","provider_name":"registry.terraform.io/hashicorp/aws","schema_version":0,"values":{"carrier_gateway_id":null,"core_network_arn":null,"destination_cidr_block":"0.0.0.0/0","destination_ipv6_cidr_block":null,"destination_prefix_list_id":null,"egress_only_gateway_id":null,"local_gateway_id":null,"nat_gateway_id":null,"timeouts":null,"transit_gateway_id":null,"vpc_endpoint_id":null,"vpc_peering_connection_id":null},"sensitive_values":{}},{"address":"aws_route_table.tfc_app_rt_table","mode":"managed","type":"aws_route_table","name":"tfc_app_rt_table","provider_name":"registry.terraform.io/hashicorp/aws","schema_version":0,"values":{"route":[{"carrier_gateway_id":"","cidr_block":"10.1.0.0/16","core_network_arn":"","destination_prefix_list_id":"","egress_only_gateway_id":"","gateway_id":"","instance_id":"","ipv6_cidr_block":"","local_gateway_id":"","nat_gateway_id":"","network_interface_id":"","transit_gateway_id":"","vpc_endpoint_id":"","vpc_peering_connection_id":""}],"tags":null,"timeouts":null},"sensitive_values":{"propagating_vgws":[],"route":[{}],"tags_all":{}}},{"address":"aws_route_table.tfc_bke_rt_table","mode":"managed","type":"aws_route_table","name":"tfc_bke_rt_table","provider_name":"registry.terraform.io/hashicorp/aws","schema_version":0,"values":{"route":[{"carrier_gateway_id":"","cidr_block":"10.1.0.0/16","core_network_arn":"","destination_prefix_list_id":"","egress_only_gateway_id":"","gateway_id":"","instance_id":"","ipv6_cidr_block":"","local_gateway_id":"","nat_gateway_id":"","network_interface_id":"","transit_gateway_id":"","vpc_endpoint_id":"","vpc_peering_connection_id":""}],"tags":null,"timeouts":null},"sensitive_values":{"propagating_vgws":[],"route":[{}],"tags_all":{}}},{"address":"aws_route_table.tfc_pub_rt_table","mode":"managed","type":"aws_route_table","name":"tfc_pub_rt_table","provider_name":"registry.terraform.io/hashicorp/aws","schema_version":0,"values":{"route":[{"carrier_gateway_id":"","cidr_block":"0.0.0.0/0","core_network_arn":"","destination_prefix_list_id":"","egress_only_gateway_id":"","instance_id":"","ipv6_cidr_block":"","local_gateway_id":"","nat_gateway_id":"","network_interface_id":"","transit_gateway_id":"","vpc_endpoint_id":"","vpc_peering_connection_id":""}],"tags":null,"timeouts":null},"sensitive_values":{"propagating_vgws":[],"route":[{}],"tags_all":{}}},{"address":"aws_route_table_association.tfc_prv_app_a_rt","mode":"managed","type":"aws_route_table_association","name":"tfc_prv_app_a_rt","provider_name":"registry.terraform.io/hashicorp/aws","schema_version":0,"values":{"gateway_id":null},"sensitive_values":{}},{"address":"aws_route_table_association.tfc_prv_app_b_rt","mode":"managed","type":"aws_route_table_association","name":"tfc_prv_app_b_rt","provider_name":"registry.terraform.io/hashicorp/aws","schema_version":0,"values":{"gateway_id":null},"sensitive_values":{}},{"address":"aws_route_table_association.tfc_prv_app_c_rt","mode":"managed","type":"aws_route_table_association","name":"tfc_prv_app_c_rt","provider_name":"registry.terraform.io/hashicorp/aws","schema_version":0,"values":{"gateway_id":null},"sensitive_values":{}},{"address":"aws_route_table_association.tfc_prv_bke_a_rt","mode":"managed","type":"aws_route_table_association","name":"tfc_prv_bke_a_rt","provider_name":"registry.terraform.io/hashicorp/aws","schema_version":0,"values":{"gateway_id":null},"sensitive_values":{}},{"address":"aws_route_table_association.tfc_prv_bke_b_rt","mode":"managed","type":"aws_route_table_association","name":"tfc_prv_bke_b_rt","provider_name":"registry.terraform.io/hashicorp/aws","schema_version":0,"values":{"gateway_id":null},"sensitive_values":{}},{"address":"aws_route_table_association.tfc_prv_bke_c_rt","mode":"managed","type":"aws_route_table_association","name":"tfc_prv_bke_c_rt","provider_name":"registry.terraform.io/hashicorp/aws","schema_version":0,"values":{"gateway_id":null},"sensitive_values":{}},{"address":"aws_route_table_association.tfc_pub_app_rt","mode":"managed","type":"aws_route_table_association","name":"tfc_pub_app_rt","provider_name":"registry.terraform.io/hashicorp/aws","schema_version":0,"values":{"gateway_id":null},"sensitive_values":{}},{"address":"aws_route_table_association.tfc_pub_bke_rt","mode":"managed","type":"aws_route_table_association","name":"tfc_pub_bke_rt","provider_name":"registry.terraform.io/hashicorp/aws","schema_version":0,"values":{"gateway_id":null},"sensitive_values":{}},{"address":"aws_security_group.tfc-pub-sg","mode":"managed","type":"aws_security_group","name":"tfc-pub-sg","provider_name":"registry.terraform.io/hashicorp/aws","schema_version":1,"values":{"description":"Security Group Public","ingress":[{"cidr_blocks":["0.0.0.0/0"],"description":"SSH Port","from_port":22,"ipv6_cidr_blocks":[],"prefix_list_ids":[],"protocol":"tcp","security_groups":[],"self":false,"to_port":22}],"name":"tfc-pub-sg","revoke_rules_on_delete":false,"tags":null,"timeouts":null},"sensitive_values":{"egress":[],"ingress":[{"cidr_blocks":[false],"ipv6_cidr_blocks":[],"prefix_list_ids":[],"security_groups":[]}],"tags_all":{}}},{"address":"aws_security_group.tfc_app_lb_sg","mode":"managed","type":"aws_security_group","name":"tfc_app_lb_sg","provider_name":"registry.terraform.io/hashicorp/aws","schema_version":1,"values":{"description":"Security Group for Apps Load Balancer","ingress":[{"cidr_blocks":["0.0.0.0/0"],"description":"HTTP Port","from_port":80,"ipv6_cidr_blocks":[],"prefix_list_ids":[],"protocol":"tcp","security_groups":[],"self":false,"to_port":80}],"name":"tfc_app_lb_sg","revoke_rules_on_delete":false,"tags":null,"timeouts":null},"sensitive_values":{"egress":[],"ingress":[{"cidr_blocks":[false],"ipv6_cidr_blocks":[],"prefix_list_ids":[],"security_groups":[]}],"tags_all":{}}},{"address":"aws_security_group.tfc_app_sg","mode":"managed","type":"aws_security_group","name":"tfc_app_sg","provider_name":"registry.terraform.io/hashicorp/aws","schema_version":1,"values":{"description":"Security Group for Apps Instances","ingress":[{"cidr_blocks":["10.0.0.0/16"],"description":"SSH Internally","from_port":22,"ipv6_cidr_blocks":[],"prefix_list_ids":[],"protocol":"tcp","security_groups":[],"self":false,"to_port":22},{"cidr_blocks":[],"description":"Port 80 from APP-ALB","from_port":80,"ipv6_cidr_blocks":[],"prefix_list_ids":[],"protocol":"tcp","self":false,"to_port":80}],"name":"tfc_app_sg","revoke_rules_on_delete":false,"tags":null,"timeouts":null},"sensitive_values":{"egress":[],"ingress":[{"cidr_blocks":[false],"ipv6_cidr_blocks":[],"prefix_list_ids":[],"security_groups":[]},{"cidr_blocks":[],"ipv6_cidr_blocks":[],"prefix_list_ids":[],"security_groups":[]}],"tags_all":{}}},{"address":"aws_security_group.tfc_bke_lb_sg","mode":"managed","type":"aws_security_group","name":"tfc_bke_lb_sg","provider_name":"registry.terraform.io/hashicorp/aws","schema_version":1,"values":{"description":"Security Group from Apps Instances to Bke LoadBalancer","ingress":[{"cidr_blocks":["0.0.0.0/0"],"description":"Port 4000","from_port":4000,"ipv6_cidr_blocks":[],"prefix_list_ids":[],"protocol":"tcp","security_groups":[],"self":false,"to_port":4000}],"name":"tfc_bke_lb_sg","revoke_rules_on_delete":false,"tags":null,"timeouts":null},"sensitive_values":{"egress":[],"ingress":[{"cidr_blocks":[false],"ipv6_cidr_blocks":[],"prefix_list_ids":[],"security_groups":[]}],"tags_all":{}}},{"address":"aws_security_group.tfc_bke_sg","mode":"managed","type":"aws_security_group","name":"tfc_bke_sg","provider_name":"registry.terraform.io/hashicorp/aws","schema_version":1,"values":{"description":"Security Group for Backend Instances","ingress":[{"cidr_blocks":["10.0.0.0/16"],"description":"SSH Internally","from_port":22,"ipv6_cidr_blocks":[],"prefix_list_ids":[],"protocol":"tcp","security_groups":[],"self":false,"to_port":22},{"cidr_blocks":[],"description":"Port 4000 from APP-ALB","from_port":4000,"ipv6_cidr_blocks":[],"prefix_list_ids":[],"protocol":"tcp","self":false,"to_port":4000}],"name":"tfc_bke_sg","revoke_rules_on_delete":false,"tags":null,"timeouts":null},"sensitive_values":{"egress":[],"ingress":[{"cidr_blocks":[false],"ipv6_cidr_blocks":[],"prefix_list_ids":[],"security_groups":[]},{"cidr_blocks":[],"ipv6_cidr_blocks":[],"prefix_list_ids":[],"security_groups":[]}],"tags_all":{}}},{"address":"aws_security_group.tfc_rds_dba_sg","mode":"managed","type":"aws_security_group","name":"tfc_rds_dba_sg","provider_name":"registry.terraform.io/hashicorp/aws","schema_version":1,"values":{"description":"Security Group for RDS Database","ingress":[{"cidr_blocks":[],"description":"Port 5432 Postgresql","from_port":5432,"ipv6_cidr_blocks":[],"prefix_list_ids":[],"protocol":"tcp","self":false,"to_port":5432}],"name":"tfc_bke_lb_sg","revoke_rules_on_delete":false,"tags":null,"timeouts":null},"sensitive_values":{"egress":[],"ingress":[{"cidr_blocks":[],"ipv6_cidr_blocks":[],"prefix_list_ids":[],"security_groups":[]}],"tags_all":{}}},{"address":"aws_subnet.app_prv_snet_1","mode":"managed","type":"aws_subnet","name":"app_prv_snet_1","provider_name":"registry.terraform.io/hashicorp/aws","schema_version":1,"values":{"assign_ipv6_address_on_creation":false,"availability_zone":"us-east-1a","cidr_block":"10.1.2.0/24","customer_owned_ipv4_pool":null,"enable_dns64":false,"enable_resource_name_dns_a_record_on_launch":false,"enable_resource_name_dns_aaaa_record_on_launch":false,"ipv6_cidr_block":null,"ipv6_native":false,"map_customer_owned_ip_on_launch":null,"map_public_ip_on_launch":false,"outpost_arn":null,"tags":{"Name":"app_prv_snet_1"},"tags_all":{"Name":"app_prv_snet_1"},"timeouts":null},"sensitive_values":{"tags":{},"tags_all":{}}},{"address":"aws_subnet.app_prv_snet_2","mode":"managed","type":"aws_subnet","name":"app_prv_snet_2","provider_name":"registry.terraform.io/hashicorp/aws","schema_version":1,"values":{"assign_ipv6_address_on_creation":false,"availability_zone":"us-east-1b","cidr_block":"10.1.3.0/24","customer_owned_ipv4_pool":null,"enable_dns64":false,"enable_resource_name_dns_a_record_on_launch":false,"enable_resource_name_dns_aaaa_record_on_launch":false,"ipv6_cidr_block":null,"ipv6_native":false,"map_customer_owned_ip_on_launch":null,"map_public_ip_on_launch":false,"outpost_arn":null,"tags":{"Name":"lbl_pub_snet_2"},"tags_all":{"Name":"lbl_pub_snet_2"},"timeouts":null},"sensitive_values":{"tags":{},"tags_all":{}}},{"address":"aws_subnet.app_prv_snet_3","mode":"managed","type":"aws_subnet","name":"app_prv_snet_3","provider_name":"registry.terraform.io/hashicorp/aws","schema_version":1,"values":{"assign_ipv6_address_on_creation":false,"availability_zone":"us-east-1c","cidr_block":"10.1.4.0/24","customer_owned_ipv4_pool":null,"enable_dns64":false,"enable_resource_name_dns_a_record_on_launch":false,"enable_resource_name_dns_aaaa_record_on_launch":false,"ipv6_cidr_block":null,"ipv6_native":false,"map_customer_owned_ip_on_launch":null,"map_public_ip_on_launch":false,"outpost_arn":null,"tags":{"Name":"lbl_pub_snet_2"},"tags_all":{"Name":"lbl_pub_snet_2"},"timeouts":null},"sensitive_values":{"tags":{},"tags_all":{}}},{"address":"aws_subnet.bke_prv_snet_1","mode":"managed","type":"aws_subnet","name":"bke_prv_snet_1","provider_name":"registry.terraform.io/hashicorp/aws","schema_version":1,"values":{"assign_ipv6_address_on_creation":false,"availability_zone":"us-east-1a","cidr_block":"10.1.5.0/24","customer_owned_ipv4_pool":null,"enable_dns64":false,"enable_resource_name_dns_a_record_on_launch":false,"enable_resource_name_dns_aaaa_record_on_launch":false,"ipv6_cidr_block":null,"ipv6_native":false,"map_customer_owned_ip_on_launch":null,"map_public_ip_on_launch":false,"outpost_arn":null,"tags":{"Name":"bke_prv_snet_1"},"tags_all":{"Name":"bke_prv_snet_1"},"timeouts":null},"sensitive_values":{"tags":{},"tags_all":{}}},{"address":"aws_subnet.bke_prv_snet_2","mode":"managed","type":"aws_subnet","name":"bke_prv_snet_2","provider_name":"registry.terraform.io/hashicorp/aws","schema_version":1,"values":{"assign_ipv6_address_on_creation":false,"availability_zone":"us-east-1b","cidr_block":"10.1.6.0/24","customer_owned_ipv4_pool":null,"enable_dns64":false,"enable_resource_name_dns_a_record_on_launch":false,"enable_resource_name_dns_aaaa_record_on_launch":false,"ipv6_cidr_block":null,"ipv6_native":false,"map_customer_owned_ip_on_launch":null,"map_public_ip_on_launch":false,"outpost_arn":null,"tags":{"Name":"bke_prv_snet_2"},"tags_all":{"Name":"bke_prv_snet_2"},"timeouts":null},"sensitive_values":{"tags":{},"tags_all":{}}},{"address":"aws_subnet.bke_prv_snet_3","mode":"managed","type":"aws_subnet","name":"bke_prv_snet_3","provider_name":"registry.terraform.io/hashicorp/aws","schema_version":1,"values":{"assign_ipv6_address_on_creation":false,"availability_zone":"us-east-1c","cidr_block":"10.1.7.0/24","customer_owned_ipv4_pool":null,"enable_dns64":false,"enable_resource_name_dns_a_record_on_launch":false,"enable_resource_name_dns_aaaa_record_on_launch":false,"ipv6_cidr_block":null,"ipv6_native":false,"map_customer_owned_ip_on_launch":null,"map_public_ip_on_launch":false,"outpost_arn":null,"tags":{"Name":"bke_prv_snet_3"},"tags_all":{"Name":"bke_prv_snet_3"},"timeouts":null},"sensitive_values":{"tags":{},"tags_all":{}}},{"address":"aws_subnet.lbl_pub_snet_1","mode":"managed","type":"aws_subnet","name":"lbl_pub_snet_1","provider_name":"registry.terraform.io/hashicorp/aws","schema_version":1,"values":{"assign_ipv6_address_on_creation":false,"availability_zone":"us-east-1a","cidr_block":"10.1.0.0/24","customer_owned_ipv4_pool":null,"enable_dns64":false,"enable_resource_name_dns_a_record_on_launch":false,"enable_resource_name_dns_aaaa_record_on_launch":false,"ipv6_cidr_block":null,"ipv6_native":false,"map_customer_owned_ip_on_launch":null,"map_public_ip_on_launch":true,"outpost_arn":null,"tags":{"Name":"lbl_pub_snet_1"},"tags_all":{"Name":"lbl_pub_snet_1"},"timeouts":null},"sensitive_values":{"tags":{},"tags_all":{}}},{"address":"aws_subnet.lbl_pub_snet_2","mode":"managed","type":"aws_subnet","name":"lbl_pub_snet_2","provider_name":"registry.terraform.io/hashicorp/aws","schema_version":1,"values":{"assign_ipv6_address_on_creation":false,"availability_zone":"us-east-1b","cidr_block":"10.1.1.0/24","customer_owned_ipv4_pool":null,"enable_dns64":false,"enable_resource_name_dns_a_record_on_launch":false,"enable_resource_name_dns_aaaa_record_on_launch":false,"ipv6_cidr_block":null,"ipv6_native":false,"map_customer_owned_ip_on_launch":null,"map_public_ip_on_launch":true,"outpost_arn":null,"tags":{"Name":"lbl_pub_snet_2"},"tags_all":{"Name":"lbl_pub_snet_2"},"timeouts":null},"sensitive_values":{"tags":{},"tags_all":{}}},{"address":"aws_subnet.rds_prv_snet_1","mode":"managed","type":"aws_subnet","name":"rds_prv_snet_1","provider_name":"registry.terraform.io/hashicorp/aws","schema_version":1,"values":{"assign_ipv6_address_on_creation":false,"availability_zone":"us-east-1a","cidr_block":"10.1.8.0/24","customer_owned_ipv4_pool":null,"enable_dns64":false,"enable_resource_name_dns_a_record_on_launch":false,"enable_resource_name_dns_aaaa_record_on_launch":false,"ipv6_cidr_block":null,"ipv6_native":false,"map_customer_owned_ip_on_launch":null,"map_public_ip_on_launch":false,"outpost_arn":null,"tags":{"Name":"rds_prv_snet_1"},"tags_all":{"Name":"rds_prv_snet_1"},"timeouts":null},"sensitive_values":{"tags":{},"tags_all":{}}},{"address":"aws_vpc.tfc_vpc","mode":"managed","type":"aws_vpc","name":"tfc_vpc","provider_name":"registry.terraform.io/hashicorp/aws","schema_version":1,"values":{"assign_generated_ipv6_cidr_block":null,"cidr_block":"10.1.0.0/16","enable_dns_support":true,"instance_tenancy":"default","ipv4_ipam_pool_id":null,"ipv4_netmask_length":null,"ipv6_ipam_pool_id":null,"ipv6_netmask_length":null,"tags":{"Name":"tfc_vpc"},"tags_all":{"Name":"tfc_vpc"}},"sensitive_values":{"tags":{},"tags_all":{}}}]}},"resource_changes":[{"address":"aws_autoscaling_group.tfc_app_asg","mode":"managed","type":"aws_autoscaling_group","name":"tfc_app_asg","provider_name":"registry.terraform.io/hashicorp/aws","change":{"actions":["create"],"before":null,"after":{"capacity_rebalance":null,"context":null,"default_instance_warmup":null,"desired_capacity":3,"enabled_metrics":null,"force_delete":true,"force_delete_warm_pool":false,"health_check_grace_period":300,"health_check_type":"ELB","initial_lifecycle_hook":[],"instance_refresh":[],"launch_configuration":null,"launch_template":[{"version":"$Latest"}],"load_balancers":null,"max_instance_lifetime":null,"max_size":4,"metrics_granularity":"1Minute","min_elb_capacity":null,"min_size":3,"mixed_instances_policy":[],"name":"tfc_app_asg","placement_group":null,"protect_from_scale_in":false,"suspended_processes":null,"tag":[],"tags":null,"termination_policies":null,"timeouts":null,"wait_for_capacity_timeout":"10m","wait_for_elb_capacity":null,"warm_pool":[]},"after_unknown":{"arn":true,"availability_zones":true,"default_cooldown":true,"id":true,"initial_lifecycle_hook":[],"instance_refresh":[],"launch_template":[{"id":true,"name":true}],"mixed_instances_policy":[],"name_prefix":true,"service_linked_role_arn":true,"tag":[],"target_group_arns":true,"vpc_zone_identifier":true,"warm_pool":[]},"before_sensitive":false,"after_sensitive":{"availability_zones":[],"initial_lifecycle_hook":[],"instance_refresh":[],"launch_template":[{}],"mixed_instances_policy":[],"tag":[],"target_group_arns":[],"vpc_zone_identifier":[],"warm_pool":[]}}},{"address":"aws_autoscaling_group.tfc_bke_asg","mode":"managed","type":"aws_autoscaling_group","name":"tfc_bke_asg","provider_name":"registry.terraform.io/hashicorp/aws","change":{"actions":["create"],"before":null,"after":{"capacity_rebalance":null,"context":null,"default_instance_warmup":null,"desired_capacity":3,"enabled_metrics":null,"force_delete":true,"force_delete_warm_pool":false,"health_check_grace_period":300,"health_check_type":"ELB","initial_lifecycle_hook":[],"instance_refresh":[],"launch_configuration":null,"launch_template":[{"version":"$Latest"}],"load_balancers":null,"max_instance_lifetime":null,"max_size":4,"metrics_granularity":"1Minute","min_elb_capacity":null,"min_size":3,"mixed_instances_policy":[],"name":"tfc_bke_asg","placement_group":null,"protect_from_scale_in":false,"suspended_processes":null,"tag":[],"tags":null,"termination_policies":null,"timeouts":null,"wait_for_capacity_timeout":"10m","wait_for_elb_capacity":null,"warm_pool":[]},"after_unknown":{"arn":true,"availability_zones":true,"default_cooldown":true,"id":true,"initial_lifecycle_hook":[],"instance_refresh":[],"launch_template":[{"id":true,"name":true}],"mixed_instances_policy":[],"name_prefix":true,"service_linked_role_arn":true,"tag":[],"target_group_arns":true,"vpc_zone_identifier":true,"warm_pool":[]},"before_sensitive":false,"after_sensitive":{"availability_zones":[],"initial_lifecycle_hook":[],"instance_refresh":[],"launch_template":[{}],"mixed_instances_policy":[],"tag":[],"target_group_arns":[],"vpc_zone_identifier":[],"warm_pool":[]}}},{"address":"aws_internet_gateway.tfc_igw","mode":"managed","type":"aws_internet_gateway","name":"tfc_igw","provider_name":"registry.terraform.io/hashicorp/aws","change":{"actions":["create"],"before":null,"after":{"tags":{"Name":"Challenge Internet Gateway"},"tags_all":{"Name":"Challenge Internet Gateway"},"timeouts":null},"after_unknown":{"arn":true,"id":true,"owner_id":true,"tags":{},"tags_all":{},"vpc_id":true},"before_sensitive":false,"after_sensitive":{"tags":{},"tags_all":{}}}},{"address":"aws_launch_template.tfc_app_ltplt","mode":"managed","type":"aws_launch_template","name":"tfc_app_ltplt","provider_name":"registry.terraform.io/hashicorp/aws","change":{"actions":["create"],"before":null,"after":{"block_device_mappings":[],"capacity_reservation_specification":[],"cpu_options":[],"credit_specification":[],"description":null,"disable_api_stop":null,"disable_api_termination":null,"ebs_optimized":null,"elastic_gpu_specifications":[],"elastic_inference_accelerator":[],"enclave_options":[],"hibernation_options":[],"iam_instance_profile":[],"image_id":"ami-0f2c126811ca75d0c","instance_initiated_shutdown_behavior":"terminate","instance_market_options":[],"instance_requirements":[],"instance_type":"t2.micro","kernel_id":null,"key_name":null,"license_specification":[],"maintenance_options":[],"monitoring":[],"name":"tfc_app_ltplt","network_interfaces":[],"placement":[],"private_dns_name_options":[],"ram_disk_id":null,"security_group_names":null,"tag_specifications":[{"resource_type":"instance","tags":{"Name":"tfc_app_instance"}}],"tags":null,"update_default_version":null,"user_data":"ICAjIS9iaW4vYmFzaAogIGNkIC9ob21lL3VidW50dS9mcm9udGVuZAogIHN1ZG8gLXUgdWJ1bnR1IHBtMiBzZXJ2ZSBidWlsZCAzMDAwIC0tc3BhIC0tbmFtZSBBcHBGcm9udGVuZAogIHN1ZG8gLXUgdWJ1bnR1IHBtMiBzYXZlIAo="},"after_unknown":{"arn":true,"block_device_mappings":[],"capacity_reservation_specification":[],"cpu_options":[],"credit_specification":[],"default_version":true,"elastic_gpu_specifications":[],"elastic_inference_accelerator":[],"enclave_options":[],"hibernation_options":[],"iam_instance_profile":[],"id":true,"instance_market_options":[],"instance_requirements":[],"latest_version":true,"license_specification":[],"maintenance_options":[],"metadata_options":true,"monitoring":[],"name_prefix":true,"network_interfaces":[],"placement":[],"private_dns_name_options":[],"tag_specifications":[{"tags":{}}],"tags_all":true,"vpc_security_group_ids":true},"before_sensitive":false,"after_sensitive":{"block_device_mappings":[],"capacity_reservation_specification":[],"cpu_options":[],"credit_specification":[],"elastic_gpu_specifications":[],"elastic_inference_accelerator":[],"enclave_options":[],"hibernation_options":[],"iam_instance_profile":[],"instance_market_options":[],"instance_requirements":[],"license_specification":[],"maintenance_options":[],"metadata_options":[],"monitoring":[],"network_interfaces":[],"placement":[],"private_dns_name_options":[],"tag_specifications":[{"tags":{}}],"tags_all":{},"vpc_security_group_ids":[]}}},{"address":"aws_launch_template.tfc_bke_ltplt","mode":"managed","type":"aws_launch_template","name":"tfc_bke_ltplt","provider_name":"registry.terraform.io/hashicorp/aws","change":{"actions":["create"],"before":null,"after":{"block_device_mappings":[],"capacity_reservation_specification":[],"cpu_options":[],"credit_specification":[],"description":null,"disable_api_stop":null,"disable_api_termination":null,"ebs_optimized":null,"elastic_gpu_specifications":[],"elastic_inference_accelerator":[],"enclave_options":[],"hibernation_options":[],"iam_instance_profile":[],"image_id":"ami-037f342acee5b762d","instance_initiated_shutdown_behavior":"terminate","instance_market_options":[],"instance_requirements":[],"instance_type":"t2.micro","kernel_id":null,"key_name":null,"license_specification":[],"maintenance_options":[],"monitoring":[],"name":"tfc_bke_ltplt","network_interfaces":[],"placement":[],"private_dns_name_options":[],"ram_disk_id":null,"security_group_names":null,"tag_specifications":[{"resource_type":"instance","tags":{"Name":"tfc_bke_instance"}}],"tags":null,"update_default_version":null,"user_data":""},"after_unknown":{"arn":true,"block_device_mappings":[],"capacity_reservation_specification":[],"cpu_options":[],"credit_specification":[],"default_version":true,"elastic_gpu_specifications":[],"elastic_inference_accelerator":[],"enclave_options":[],"hibernation_options":[],"iam_instance_profile":[],"id":true,"instance_market_options":[],"instance_requirements":[],"latest_version":true,"license_specification":[],"maintenance_options":[],"metadata_options":true,"monitoring":[],"name_prefix":true,"network_interfaces":[],"placement":[],"private_dns_name_options":[],"tag_specifications":[{"tags":{}}],"tags_all":true,"vpc_security_group_ids":true},"before_sensitive":false,"after_sensitive":{"block_device_mappings":[],"capacity_reservation_specification":[],"cpu_options":[],"credit_specification":[],"elastic_gpu_specifications":[],"elastic_inference_accelerator":[],"enclave_options":[],"hibernation_options":[],"iam_instance_profile":[],"instance_market_options":[],"instance_requirements":[],"license_specification":[],"maintenance_options":[],"metadata_options":[],"monitoring":[],"network_interfaces":[],"placement":[],"private_dns_name_options":[],"tag_specifications":[{"tags":{}}],"tags_all":{},"vpc_security_group_ids":[]}}},{"address":"aws_lb.tfc_app_alb","mode":"managed","type":"aws_lb","name":"tfc_app_alb","provider_name":"registry.terraform.io/hashicorp/aws","change":{"actions":["create"],"before":null,"after":{"access_logs":[],"customer_owned_ipv4_pool":null,"desync_mitigation_mode":"defensive","drop_invalid_header_fields":false,"enable_cross_zone_load_balancing":null,"enable_deletion_protection":true,"enable_http2":true,"enable_waf_fail_open":false,"idle_timeout":60,"internal":false,"load_balancer_type":"application","name_prefix":null,"preserve_host_header":false,"tags":{"Environment":"production","name":"tfc_app_alb"},"tags_all":{"Environment":"production","name":"tfc_app_alb"},"timeouts":null},"after_unknown":{"access_logs":[],"arn":true,"arn_suffix":true,"dns_name":true,"id":true,"ip_address_type":true,"name":true,"security_groups":true,"subnet_mapping":true,"subnets":true,"tags":{},"tags_all":{},"vpc_id":true,"zone_id":true},"before_sensitive":false,"after_sensitive":{"access_logs":[],"security_groups":[],"subnet_mapping":[],"subnets":[],"tags":{},"tags_all":{}}}},{"address":"aws_lb.tfc_bke_alb","mode":"managed","type":"aws_lb","name":"tfc_bke_alb","provider_name":"registry.terraform.io/hashicorp/aws","change":{"actions":["create"],"before":null,"after":{"access_logs":[],"customer_owned_ipv4_pool":null,"desync_mitigation_mode":"defensive","drop_invalid_header_fields":false,"enable_cross_zone_load_balancing":null,"enable_deletion_protection":true,"enable_http2":true,"enable_waf_fail_open":false,"idle_timeout":60,"internal":true,"load_balancer_type":"application","name_prefix":null,"preserve_host_header":false,"tags":{"Environment":"production","name":"tfc_bke_alb"},"tags_all":{"Environment":"production","name":"tfc_bke_alb"},"timeouts":null},"after_unknown":{"access_logs":[],"arn":true,"arn_suffix":true,"dns_name":true,"id":true,"ip_address_type":true,"name":true,"security_groups":true,"subnet_mapping":true,"subnets":true,"tags":{},"tags_all":{},"vpc_id":true,"zone_id":true},"before_sensitive":false,"after_sensitive":{"access_logs":[],"security_groups":[],"subnet_mapping":[],"subnets":[],"tags":{},"tags_all":{}}}},{"address":"aws_lb_listener.tfc_app_alb_listen","mode":"managed","type":"aws_lb_listener","name":"tfc_app_alb_listen","provider_name":"registry.terraform.io/hashicorp/aws","change":{"actions":["create"],"before":null,"after":{"alpn_policy":null,"certificate_arn":null,"default_action":[{"authenticate_cognito":[],"authenticate_oidc":[],"fixed_response":[],"forward":[],"redirect":[],"type":"forward"}],"port":80,"protocol":"HTTP","tags":null,"timeouts":null},"after_unknown":{"arn":true,"default_action":[{"authenticate_cognito":[],"authenticate_oidc":[],"fixed_response":[],"forward":[],"order":true,"redirect":[],"target_group_arn":true}],"id":true,"load_balancer_arn":true,"ssl_policy":true,"tags_all":true},"before_sensitive":false,"after_sensitive":{"default_action":[{"authenticate_cognito":[],"authenticate_oidc":[],"fixed_response":[],"forward":[],"redirect":[]}],"tags_all":{}}}},{"address":"aws_lb_listener.tfc_bke_alb_listen","mode":"managed","type":"aws_lb_listener","name":"tfc_bke_alb_listen","provider_name":"registry.terraform.io/hashicorp/aws","change":{"actions":["create"],"before":null,"after":{"alpn_policy":null,"certificate_arn":null,"default_action":[{"authenticate_cognito":[],"authenticate_oidc":[],"fixed_response":[],"forward":[],"redirect":[],"type":"forward"}],"port":4000,"protocol":"TCP","tags":null,"timeouts":null},"after_unknown":{"arn":true,"default_action":[{"authenticate_cognito":[],"authenticate_oidc":[],"fixed_response":[],"forward":[],"order":true,"redirect":[],"target_group_arn":true}],"id":true,"load_balancer_arn":true,"ssl_policy":true,"tags_all":true},"before_sensitive":false,"after_sensitive":{"default_action":[{"authenticate_cognito":[],"authenticate_oidc":[],"fixed_response":[],"forward":[],"redirect":[]}],"tags_all":{}}}},{"address":"aws_lb_target_group.tfc_app_tgt_grp","mode":"managed","type":"aws_lb_target_group","name":"tfc_app_tgt_grp","provider_name":"registry.terraform.io/hashicorp/aws","change":{"actions":["create"],"before":null,"after":{"connection_termination":false,"deregistration_delay":"300","lambda_multi_value_headers_enabled":false,"name":"tfc-app-tgt-grp","name_prefix":null,"port":80,"protocol":"HTTP","proxy_protocol_v2":false,"slow_start":0,"tags":null,"target_type":"alb"},"after_unknown":{"arn":true,"arn_suffix":true,"health_check":true,"id":true,"ip_address_type":true,"load_balancing_algorithm_type":true,"preserve_client_ip":true,"protocol_version":true,"stickiness":true,"tags_all":true,"target_failover":true,"vpc_id":true},"before_sensitive":false,"after_sensitive":{"health_check":[],"stickiness":[],"tags_all":{},"target_failover":[]}}},{"address":"aws_lb_target_group.tfc_bke_tgt_grp","mode":"managed","type":"aws_lb_target_group","name":"tfc_bke_tgt_grp","provider_name":"registry.terraform.io/hashicorp/aws","change":{"actions":["create"],"before":null,"after":{"connection_termination":false,"deregistration_delay":"300","lambda_multi_value_headers_enabled":false,"name":"tfc-bke-tgt-grp","name_prefix":null,"port":4000,"protocol":"TCP","proxy_protocol_v2":false,"slow_start":0,"tags":null,"target_type":"alb"},"after_unknown":{"arn":true,"arn_suffix":true,"health_check":true,"id":true,"ip_address_type":true,"load_balancing_algorithm_type":true,"preserve_client_ip":true,"protocol_version":true,"stickiness":true,"tags_all":true,"target_failover":true,"vpc_id":true},"before_sensitive":false,"after_sensitive":{"health_check":[],"stickiness":[],"tags_all":{},"target_failover":[]}}},{"address":"aws_route.default_pub_route","mode":"managed","type":"aws_route","name":"default_pub_route","provider_name":"registry.terraform.io/hashicorp/aws","change":{"actions":["create"],"before":null,"after":{"carrier_gateway_id":null,"core_network_arn":null,"destination_cidr_block":"0.0.0.0/0","destination_ipv6_cidr_block":null,"destination_prefix_list_id":null,"egress_only_gateway_id":null,"local_gateway_id":null,"nat_gateway_id":null,"timeouts":null,"transit_gateway_id":null,"vpc_endpoint_id":null,"vpc_peering_connection_id":null},"after_unknown":{"gateway_id":true,"id":true,"instance_id":true,"instance_owner_id":true,"network_interface_id":true,"origin":true,"route_table_id":true,"state":true},"before_sensitive":false,"after_sensitive":{}}},{"address":"aws_route_table.tfc_app_rt_table","mode":"managed","type":"aws_route_table","name":"tfc_app_rt_table","provider_name":"registry.terraform.io/hashicorp/aws","change":{"actions":["create"],"before":null,"after":{"route":[{"carrier_gateway_id":"","cidr_block":"10.1.0.0/16","core_network_arn":"","destination_prefix_list_id":"","egress_only_gateway_id":"","gateway_id":"","instance_id":"","ipv6_cidr_block":"","local_gateway_id":"","nat_gateway_id":"","network_interface_id":"","transit_gateway_id":"","vpc_endpoint_id":"","vpc_peering_connection_id":""}],"tags":null,"timeouts":null},"after_unknown":{"arn":true,"id":true,"owner_id":true,"propagating_vgws":true,"route":[{}],"tags_all":true,"vpc_id":true},"before_sensitive":false,"after_sensitive":{"propagating_vgws":[],"route":[{}],"tags_all":{}}}},{"address":"aws_route_table.tfc_bke_rt_table","mode":"managed","type":"aws_route_table","name":"tfc_bke_rt_table","provider_name":"registry.terraform.io/hashicorp/aws","change":{"actions":["create"],"before":null,"after":{"route":[{"carrier_gateway_id":"","cidr_block":"10.1.0.0/16","core_network_arn":"","destination_prefix_list_id":"","egress_only_gateway_id":"","gateway_id":"","instance_id":"","ipv6_cidr_block":"","local_gateway_id":"","nat_gateway_id":"","network_interface_id":"","transit_gateway_id":"","vpc_endpoint_id":"","vpc_peering_connection_id":""}],"tags":null,"timeouts":null},"after_unknown":{"arn":true,"id":true,"owner_id":true,"propagating_vgws":true,"route":[{}],"tags_all":true,"vpc_id":true},"before_sensitive":false,"after_sensitive":{"propagating_vgws":[],"route":[{}],"tags_all":{}}}},{"address":"aws_route_table.tfc_pub_rt_table","mode":"managed","type":"aws_route_table","name":"tfc_pub_rt_table","provider_name":"registry.terraform.io/hashicorp/aws","change":{"actions":["create"],"before":null,"after":{"route":[{"carrier_gateway_id":"","cidr_block":"0.0.0.0/0","core_network_arn":"","destination_prefix_list_id":"","egress_only_gateway_id":"","instance_id":"","ipv6_cidr_block":"","local_gateway_id":"","nat_gateway_id":"","network_interface_id":"","transit_gateway_id":"","vpc_endpoint_id":"","vpc_peering_connection_id":""}],"tags":null,"timeouts":null},"after_unknown":{"arn":true,"id":true,"owner_id":true,"propagating_vgws":true,"route":[{"gateway_id":true}],"tags_all":true,"vpc_id":true},"before_sensitive":false,"after_sensitive":{"propagating_vgws":[],"route":[{}],"tags_all":{}}}},{"address":"aws_route_table_association.tfc_prv_app_a_rt","mode":"managed","type":"aws_route_table_association","name":"tfc_prv_app_a_rt","provider_name":"registry.terraform.io/hashicorp/aws","change":{"actions":["create"],"before":null,"after":{"gateway_id":null},"after_unknown":{"id":true,"route_table_id":true,"subnet_id":true},"before_sensitive":false,"after_sensitive":{}}},{"address":"aws_route_table_association.tfc_prv_app_b_rt","mode":"managed","type":"aws_route_table_association","name":"tfc_prv_app_b_rt","provider_name":"registry.terraform.io/hashicorp/aws","change":{"actions":["create"],"before":null,"after":{"gateway_id":null},"after_unknown":{"id":true,"route_table_id":true,"subnet_id":true},"before_sensitive":false,"after_sensitive":{}}},{"address":"aws_route_table_association.tfc_prv_app_c_rt","mode":"managed","type":"aws_route_table_association","name":"tfc_prv_app_c_rt","provider_name":"registry.terraform.io/hashicorp/aws","change":{"actions":["create"],"before":null,"after":{"gateway_id":null},"after_unknown":{"id":true,"route_table_id":true,"subnet_id":true},"before_sensitive":false,"after_sensitive":{}}},{"address":"aws_route_table_association.tfc_prv_bke_a_rt","mode":"managed","type":"aws_route_table_association","name":"tfc_prv_bke_a_rt","provider_name":"registry.terraform.io/hashicorp/aws","change":{"actions":["create"],"before":null,"after":{"gateway_id":null},"after_unknown":{"id":true,"route_table_id":true,"subnet_id":true},"before_sensitive":false,"after_sensitive":{}}},{"address":"aws_route_table_association.tfc_prv_bke_b_rt","mode":"managed","type":"aws_route_table_association","name":"tfc_prv_bke_b_rt","provider_name":"registry.terraform.io/hashicorp/aws","change":{"actions":["create"],"before":null,"after":{"gateway_id":null},"after_unknown":{"id":true,"route_table_id":true,"subnet_id":true},"before_sensitive":false,"after_sensitive":{}}},{"address":"aws_route_table_association.tfc_prv_bke_c_rt","mode":"managed","type":"aws_route_table_association","name":"tfc_prv_bke_c_rt","provider_name":"registry.terraform.io/hashicorp/aws","change":{"actions":["create"],"before":null,"after":{"gateway_id":null},"after_unknown":{"id":true,"route_table_id":true,"subnet_id":true},"before_sensitive":false,"after_sensitive":{}}},{"address":"aws_route_table_association.tfc_pub_app_rt","mode":"managed","type":"aws_route_table_association","name":"tfc_pub_app_rt","provider_name":"registry.terraform.io/hashicorp/aws","change":{"actions":["create"],"before":null,"after":{"gateway_id":null},"after_unknown":{"id":true,"route_table_id":true,"subnet_id":true},"before_sensitive":false,"after_sensitive":{}}},{"address":"aws_route_table_association.tfc_pub_bke_rt","mode":"managed","type":"aws_route_table_association","name":"tfc_pub_bke_rt","provider_name":"registry.terraform.io/hashicorp/aws","change":{"actions":["create"],"before":null,"after":{"gateway_id":null},"after_unknown":{"id":true,"route_table_id":true,"subnet_id":true},"before_sensitive":false,"after_sensitive":{}}},{"address":"aws_security_group.tfc-pub-sg","mode":"managed","type":"aws_security_group","name":"tfc-pub-sg","provider_name":"registry.terraform.io/hashicorp/aws","change":{"actions":["create"],"before":null,"after":{"description":"Security Group Public","ingress":[{"cidr_blocks":["0.0.0.0/0"],"description":"SSH Port","from_port":22,"ipv6_cidr_blocks":[],"prefix_list_ids":[],"protocol":"tcp","security_groups":[],"self":false,"to_port":22}],"name":"tfc-pub-sg","revoke_rules_on_delete":false,"tags":null,"timeouts":null},"after_unknown":{"arn":true,"egress":true,"id":true,"ingress":[{"cidr_blocks":[false],"ipv6_cidr_blocks":[],"prefix_list_ids":[],"security_groups":[]}],"name_prefix":true,"owner_id":true,"tags_all":true,"vpc_id":true},"before_sensitive":false,"after_sensitive":{"egress":[],"ingress":[{"cidr_blocks":[false],"ipv6_cidr_blocks":[],"prefix_list_ids":[],"security_groups":[]}],"tags_all":{}}}},{"address":"aws_security_group.tfc_app_lb_sg","mode":"managed","type":"aws_security_group","name":"tfc_app_lb_sg","provider_name":"registry.terraform.io/hashicorp/aws","change":{"actions":["create"],"before":null,"after":{"description":"Security Group for Apps Load Balancer","ingress":[{"cidr_blocks":["0.0.0.0/0"],"description":"HTTP Port","from_port":80,"ipv6_cidr_blocks":[],"prefix_list_ids":[],"protocol":"tcp","security_groups":[],"self":false,"to_port":80}],"name":"tfc_app_lb_sg","revoke_rules_on_delete":false,"tags":null,"timeouts":null},"after_unknown":{"arn":true,"egress":true,"id":true,"ingress":[{"cidr_blocks":[false],"ipv6_cidr_blocks":[],"prefix_list_ids":[],"security_groups":[]}],"name_prefix":true,"owner_id":true,"tags_all":true,"vpc_id":true},"before_sensitive":false,"after_sensitive":{"egress":[],"ingress":[{"cidr_blocks":[false],"ipv6_cidr_blocks":[],"prefix_list_ids":[],"security_groups":[]}],"tags_all":{}}}},{"address":"aws_security_group.tfc_app_sg","mode":"managed","type":"aws_security_group","name":"tfc_app_sg","provider_name":"registry.terraform.io/hashicorp/aws","change":{"actions":["create"],"before":null,"after":{"description":"Security Group for Apps Instances","ingress":[{"cidr_blocks":["10.0.0.0/16"],"description":"SSH Internally","from_port":22,"ipv6_cidr_blocks":[],"prefix_list_ids":[],"protocol":"tcp","security_groups":[],"self":false,"to_port":22},{"cidr_blocks":[],"description":"Port 80 from APP-ALB","from_port":80,"ipv6_cidr_blocks":[],"prefix_list_ids":[],"protocol":"tcp","self":false,"to_port":80}],"name":"tfc_app_sg","revoke_rules_on_delete":false,"tags":null,"timeouts":null},"after_unknown":{"arn":true,"egress":true,"id":true,"ingress":[{"cidr_blocks":[false],"ipv6_cidr_blocks":[],"prefix_list_ids":[],"security_groups":[]},{"cidr_blocks":[],"ipv6_cidr_blocks":[],"prefix_list_ids":[],"security_groups":true}],"name_prefix":true,"owner_id":true,"tags_all":true,"vpc_id":true},"before_sensitive":false,"after_sensitive":{"egress":[],"ingress":[{"cidr_blocks":[false],"ipv6_cidr_blocks":[],"prefix_list_ids":[],"security_groups":[]},{"cidr_blocks":[],"ipv6_cidr_blocks":[],"prefix_list_ids":[],"security_groups":[]}],"tags_all":{}}}},{"address":"aws_security_group.tfc_bke_lb_sg","mode":"managed","type":"aws_security_group","name":"tfc_bke_lb_sg","provider_name":"registry.terraform.io/hashicorp/aws","change":{"actions":["create"],"before":null,"after":{"description":"Security Group from Apps Instances to Bke LoadBalancer","ingress":[{"cidr_blocks":["0.0.0.0/0"],"description":"Port 4000","from_port":4000,"ipv6_cidr_blocks":[],"prefix_list_ids":[],"protocol":"tcp","security_groups":[],"self":false,"to_port":4000}],"name":"tfc_bke_lb_sg","revoke_rules_on_delete":false,"tags":null,"timeouts":null},"after_unknown":{"arn":true,"egress":true,"id":true,"ingress":[{"cidr_blocks":[false],"ipv6_cidr_blocks":[],"prefix_list_ids":[],"security_groups":[]}],"name_prefix":true,"owner_id":true,"tags_all":true,"vpc_id":true},"before_sensitive":false,"after_sensitive":{"egress":[],"ingress":[{"cidr_blocks":[false],"ipv6_cidr_blocks":[],"prefix_list_ids":[],"security_groups":[]}],"tags_all":{}}}},{"address":"aws_security_group.tfc_bke_sg","mode":"managed","type":"aws_security_group","name":"tfc_bke_sg","provider_name":"registry.terraform.io/hashicorp/aws","change":{"actions":["create"],"before":null,"after":{"description":"Security Group for Backend Instances","ingress":[{"cidr_blocks":["10.0.0.0/16"],"description":"SSH Internally","from_port":22,"ipv6_cidr_blocks":[],"prefix_list_ids":[],"protocol":"tcp","security_groups":[],"self":false,"to_port":22},{"cidr_blocks":[],"description":"Port 4000 from APP-ALB","from_port":4000,"ipv6_cidr_blocks":[],"prefix_list_ids":[],"protocol":"tcp","self":false,"to_port":4000}],"name":"tfc_bke_sg","revoke_rules_on_delete":false,"tags":null,"timeouts":null},"after_unknown":{"arn":true,"egress":true,"id":true,"ingress":[{"cidr_blocks":[false],"ipv6_cidr_blocks":[],"prefix_list_ids":[],"security_groups":[]},{"cidr_blocks":[],"ipv6_cidr_blocks":[],"prefix_list_ids":[],"security_groups":true}],"name_prefix":true,"owner_id":true,"tags_all":true,"vpc_id":true},"before_sensitive":false,"after_sensitive":{"egress":[],"ingress":[{"cidr_blocks":[false],"ipv6_cidr_blocks":[],"prefix_list_ids":[],"security_groups":[]},{"cidr_blocks":[],"ipv6_cidr_blocks":[],"prefix_list_ids":[],"security_groups":[]}],"tags_all":{}}}},{"address":"aws_security_group.tfc_rds_dba_sg","mode":"managed","type":"aws_security_group","name":"tfc_rds_dba_sg","provider_name":"registry.terraform.io/hashicorp/aws","change":{"actions":["create"],"before":null,"after":{"description":"Security Group for RDS Database","ingress":[{"cidr_blocks":[],"description":"Port 5432 Postgresql","from_port":5432,"ipv6_cidr_blocks":[],"prefix_list_ids":[],"protocol":"tcp","self":false,"to_port":5432}],"name":"tfc_bke_lb_sg","revoke_rules_on_delete":false,"tags":null,"timeouts":null},"after_unknown":{"arn":true,"egress":true,"id":true,"ingress":[{"cidr_blocks":[],"ipv6_cidr_blocks":[],"prefix_list_ids":[],"security_groups":true}],"name_prefix":true,"owner_id":true,"tags_all":true,"vpc_id":true},"before_sensitive":false,"after_sensitive":{"egress":[],"ingress":[{"cidr_blocks":[],"ipv6_cidr_blocks":[],"prefix_list_ids":[],"security_groups":[]}],"tags_all":{}}}},{"address":"aws_subnet.app_prv_snet_1","mode":"managed","type":"aws_subnet","name":"app_prv_snet_1","provider_name":"registry.terraform.io/hashicorp/aws","change":{"actions":["create"],"before":null,"after":{"assign_ipv6_address_on_creation":false,"availability_zone":"us-east-1a","cidr_block":"10.1.2.0/24","customer_owned_ipv4_pool":null,"enable_dns64":false,"enable_resource_name_dns_a_record_on_launch":false,"enable_resource_name_dns_aaaa_record_on_launch":false,"ipv6_cidr_block":null,"ipv6_native":false,"map_customer_owned_ip_on_launch":null,"map_public_ip_on_launch":false,"outpost_arn":null,"tags":{"Name":"app_prv_snet_1"},"tags_all":{"Name":"app_prv_snet_1"},"timeouts":null},"after_unknown":{"arn":true,"availability_zone_id":true,"id":true,"ipv6_cidr_block_association_id":true,"owner_id":true,"private_dns_hostname_type_on_launch":true,"tags":{},"tags_all":{},"vpc_id":true},"before_sensitive":false,"after_sensitive":{"tags":{},"tags_all":{}}}},{"address":"aws_subnet.app_prv_snet_2","mode":"managed","type":"aws_subnet","name":"app_prv_snet_2","provider_name":"registry.terraform.io/hashicorp/aws","change":{"actions":["create"],"before":null,"after":{"assign_ipv6_address_on_creation":false,"availability_zone":"us-east-1b","cidr_block":"10.1.3.0/24","customer_owned_ipv4_pool":null,"enable_dns64":false,"enable_resource_name_dns_a_record_on_launch":false,"enable_resource_name_dns_aaaa_record_on_launch":false,"ipv6_cidr_block":null,"ipv6_native":false,"map_customer_owned_ip_on_launch":null,"map_public_ip_on_launch":false,"outpost_arn":null,"tags":{"Name":"lbl_pub_snet_2"},"tags_all":{"Name":"lbl_pub_snet_2"},"timeouts":null},"after_unknown":{"arn":true,"availability_zone_id":true,"id":true,"ipv6_cidr_block_association_id":true,"owner_id":true,"private_dns_hostname_type_on_launch":true,"tags":{},"tags_all":{},"vpc_id":true},"before_sensitive":false,"after_sensitive":{"tags":{},"tags_all":{}}}},{"address":"aws_subnet.app_prv_snet_3","mode":"managed","type":"aws_subnet","name":"app_prv_snet_3","provider_name":"registry.terraform.io/hashicorp/aws","change":{"actions":["create"],"before":null,"after":{"assign_ipv6_address_on_creation":false,"availability_zone":"us-east-1c","cidr_block":"10.1.4.0/24","customer_owned_ipv4_pool":null,"enable_dns64":false,"enable_resource_name_dns_a_record_on_launch":false,"enable_resource_name_dns_aaaa_record_on_launch":false,"ipv6_cidr_block":null,"ipv6_native":false,"map_customer_owned_ip_on_launch":null,"map_public_ip_on_launch":false,"outpost_arn":null,"tags":{"Name":"lbl_pub_snet_2"},"tags_all":{"Name":"lbl_pub_snet_2"},"timeouts":null},"after_unknown":{"arn":true,"availability_zone_id":true,"id":true,"ipv6_cidr_block_association_id":true,"owner_id":true,"private_dns_hostname_type_on_launch":true,"tags":{},"tags_all":{},"vpc_id":true},"before_sensitive":false,"after_sensitive":{"tags":{},"tags_all":{}}}},{"address":"aws_subnet.bke_prv_snet_1","mode":"managed","type":"aws_subnet","name":"bke_prv_snet_1","provider_name":"registry.terraform.io/hashicorp/aws","change":{"actions":["create"],"before":null,"after":{"assign_ipv6_address_on_creation":false,"availability_zone":"us-east-1a","cidr_block":"10.1.5.0/24","customer_owned_ipv4_pool":null,"enable_dns64":false,"enable_resource_name_dns_a_record_on_launch":false,"enable_resource_name_dns_aaaa_record_on_launch":false,"ipv6_cidr_block":null,"ipv6_native":false,"map_customer_owned_ip_on_launch":null,"map_public_ip_on_launch":false,"outpost_arn":null,"tags":{"Name":"bke_prv_snet_1"},"tags_all":{"Name":"bke_prv_snet_1"},"timeouts":null},"after_unknown":{"arn":true,"availability_zone_id":true,"id":true,"ipv6_cidr_block_association_id":true,"owner_id":true,"private_dns_hostname_type_on_launch":true,"tags":{},"tags_all":{},"vpc_id":true},"before_sensitive":false,"after_sensitive":{"tags":{},"tags_all":{}}}},{"address":"aws_subnet.bke_prv_snet_2","mode":"managed","type":"aws_subnet","name":"bke_prv_snet_2","provider_name":"registry.terraform.io/hashicorp/aws","change":{"actions":["create"],"before":null,"after":{"assign_ipv6_address_on_creation":false,"availability_zone":"us-east-1b","cidr_block":"10.1.6.0/24","customer_owned_ipv4_pool":null,"enable_dns64":false,"enable_resource_name_dns_a_record_on_launch":false,"enable_resource_name_dns_aaaa_record_on_launch":false,"ipv6_cidr_block":null,"ipv6_native":false,"map_customer_owned_ip_on_launch":null,"map_public_ip_on_launch":false,"outpost_arn":null,"tags":{"Name":"bke_prv_snet_2"},"tags_all":{"Name":"bke_prv_snet_2"},"timeouts":null},"after_unknown":{"arn":true,"availability_zone_id":true,"id":true,"ipv6_cidr_block_association_id":true,"owner_id":true,"private_dns_hostname_type_on_launch":true,"tags":{},"tags_all":{},"vpc_id":true},"before_sensitive":false,"after_sensitive":{"tags":{},"tags_all":{}}}},{"address":"aws_subnet.bke_prv_snet_3","mode":"managed","type":"aws_subnet","name":"bke_prv_snet_3","provider_name":"registry.terraform.io/hashicorp/aws","change":{"actions":["create"],"before":null,"after":{"assign_ipv6_address_on_creation":false,"availability_zone":"us-east-1c","cidr_block":"10.1.7.0/24","customer_owned_ipv4_pool":null,"enable_dns64":false,"enable_resource_name_dns_a_record_on_launch":false,"enable_resource_name_dns_aaaa_record_on_launch":false,"ipv6_cidr_block":null,"ipv6_native":false,"map_customer_owned_ip_on_launch":null,"map_public_ip_on_launch":false,"outpost_arn":null,"tags":{"Name":"bke_prv_snet_3"},"tags_all":{"Name":"bke_prv_snet_3"},"timeouts":null},"after_unknown":{"arn":true,"availability_zone_id":true,"id":true,"ipv6_cidr_block_association_id":true,"owner_id":true,"private_dns_hostname_type_on_launch":true,"tags":{},"tags_all":{},"vpc_id":true},"before_sensitive":false,"after_sensitive":{"tags":{},"tags_all":{}}}},{"address":"aws_subnet.lbl_pub_snet_1","mode":"managed","type":"aws_subnet","name":"lbl_pub_snet_1","provider_name":"registry.terraform.io/hashicorp/aws","change":{"actions":["create"],"before":null,"after":{"assign_ipv6_address_on_creation":false,"availability_zone":"us-east-1a","cidr_block":"10.1.0.0/24","customer_owned_ipv4_pool":null,"enable_dns64":false,"enable_resource_name_dns_a_record_on_launch":false,"enable_resource_name_dns_aaaa_record_on_launch":false,"ipv6_cidr_block":null,"ipv6_native":false,"map_customer_owned_ip_on_launch":null,"map_public_ip_on_launch":true,"outpost_arn":null,"tags":{"Name":"lbl_pub_snet_1"},"tags_all":{"Name":"lbl_pub_snet_1"},"timeouts":null},"after_unknown":{"arn":true,"availability_zone_id":true,"id":true,"ipv6_cidr_block_association_id":true,"owner_id":true,"private_dns_hostname_type_on_launch":true,"tags":{},"tags_all":{},"vpc_id":true},"before_sensitive":false,"after_sensitive":{"tags":{},"tags_all":{}}}},{"address":"aws_subnet.lbl_pub_snet_2","mode":"managed","type":"aws_subnet","name":"lbl_pub_snet_2","provider_name":"registry.terraform.io/hashicorp/aws","change":{"actions":["create"],"before":null,"after":{"assign_ipv6_address_on_creation":false,"availability_zone":"us-east-1b","cidr_block":"10.1.1.0/24","customer_owned_ipv4_pool":null,"enable_dns64":false,"enable_resource_name_dns_a_record_on_launch":false,"enable_resource_name_dns_aaaa_record_on_launch":false,"ipv6_cidr_block":null,"ipv6_native":false,"map_customer_owned_ip_on_launch":null,"map_public_ip_on_launch":true,"outpost_arn":null,"tags":{"Name":"lbl_pub_snet_2"},"tags_all":{"Name":"lbl_pub_snet_2"},"timeouts":null},"after_unknown":{"arn":true,"availability_zone_id":true,"id":true,"ipv6_cidr_block_association_id":true,"owner_id":true,"private_dns_hostname_type_on_launch":true,"tags":{},"tags_all":{},"vpc_id":true},"before_sensitive":false,"after_sensitive":{"tags":{},"tags_all":{}}}},{"address":"aws_subnet.rds_prv_snet_1","mode":"managed","type":"aws_subnet","name":"rds_prv_snet_1","provider_name":"registry.terraform.io/hashicorp/aws","change":{"actions":["create"],"before":null,"after":{"assign_ipv6_address_on_creation":false,"availability_zone":"us-east-1a","cidr_block":"10.1.8.0/24","customer_owned_ipv4_pool":null,"enable_dns64":false,"enable_resource_name_dns_a_record_on_launch":false,"enable_resource_name_dns_aaaa_record_on_launch":false,"ipv6_cidr_block":null,"ipv6_native":false,"map_customer_owned_ip_on_launch":null,"map_public_ip_on_launch":false,"outpost_arn":null,"tags":{"Name":"rds_prv_snet_1"},"tags_all":{"Name":"rds_prv_snet_1"},"timeouts":null},"after_unknown":{"arn":true,"availability_zone_id":true,"id":true,"ipv6_cidr_block_association_id":true,"owner_id":true,"private_dns_hostname_type_on_launch":true,"tags":{},"tags_all":{},"vpc_id":true},"before_sensitive":false,"after_sensitive":{"tags":{},"tags_all":{}}}},{"address":"aws_vpc.tfc_vpc","mode":"managed","type":"aws_vpc","name":"tfc_vpc","provider_name":"registry.terraform.io/hashicorp/aws","change":{"actions":["create"],"before":null,"after":{"assign_generated_ipv6_cidr_block":null,"cidr_block":"10.1.0.0/16","enable_dns_support":true,"instance_tenancy":"default","ipv4_ipam_pool_id":null,"ipv4_netmask_length":null,"ipv6_ipam_pool_id":null,"ipv6_netmask_length":null,"tags":{"Name":"tfc_vpc"},"tags_all":{"Name":"tfc_vpc"}},"after_unknown":{"arn":true,"default_network_acl_id":true,"default_route_table_id":true,"default_security_group_id":true,"dhcp_options_id":true,"enable_classiclink":true,"enable_classiclink_dns_support":true,"enable_dns_hostnames":true,"enable_network_address_usage_metrics":true,"id":true,"ipv6_association_id":true,"ipv6_cidr_block":true,"ipv6_cidr_block_network_border_group":true,"main_route_table_id":true,"owner_id":true,"tags":{},"tags_all":{}},"before_sensitive":false,"after_sensitive":{"tags":{},"tags_all":{}}}}],"configuration":{"provider_config":{"aws":{"name":"aws","full_name":"registry.terraform.io/hashicorp/aws","version_constraint":"~\u003e 4.0","expressions":{"region":{"references":["var.AWS_REGION"]}}}},"root_module":{"resources":[{"address":"aws_autoscaling_group.tfc_app_asg","mode":"managed","type":"aws_autoscaling_group","name":"tfc_app_asg","provider_config_key":"aws","expressions":{"desired_capacity":{"constant_value":3},"force_delete":{"constant_value":"true"},"health_check_grace_period":{"constant_value":300},"health_check_type":{"constant_value":"ELB"},"launch_template":[{"id":{"references":["aws_launch_template.tfc_app_ltplt.id","aws_launch_template.tfc_app_ltplt"]},"version":{"constant_value":"$Latest"}}],"max_size":{"constant_value":4},"min_size":{"constant_value":3},"name":{"constant_value":"tfc_app_asg"},"target_group_arns":{"references":["aws_lb_target_group.tfc_app_tgt_grp.id","aws_lb_target_group.tfc_app_tgt_grp"]},"vpc_zone_identifier":{"references":["aws_subnet.app_prv_snet_1.id","aws_subnet.app_prv_snet_1","aws_subnet.app_prv_snet_2.id","aws_subnet.app_prv_snet_2","aws_subnet.app_prv_snet_3.id","aws_subnet.app_prv_snet_3"]}},"schema_version":0},{"address":"aws_autoscaling_group.tfc_bke_asg","mode":"managed","type":"aws_autoscaling_group","name":"tfc_bke_asg","provider_config_key":"aws","expressions":{"desired_capacity":{"constant_value":3},"force_delete":{"constant_value":"true"},"health_check_grace_period":{"constant_value":300},"health_check_type":{"constant_value":"ELB"},"launch_template":[{"id":{"references":["aws_launch_template.tfc_bke_ltplt.id","aws_launch_template.tfc_bke_ltplt"]},"version":{"constant_value":"$Latest"}}],"max_size":{"constant_value":4},"min_size":{"constant_value":3},"name":{"constant_value":"tfc_bke_asg"},"target_group_arns":{"references":["aws_lb_target_group.tfc_bke_tgt_grp.id","aws_lb_target_group.tfc_bke_tgt_grp"]},"vpc_zone_identifier":{"references":["aws_subnet.bke_prv_snet_1.id","aws_subnet.bke_prv_snet_1","aws_subnet.bke_prv_snet_2.id","aws_subnet.bke_prv_snet_2","aws_subnet.bke_prv_snet_3.id","aws_subnet.bke_prv_snet_3"]}},"schema_version":0},{"address":"aws_internet_gateway.tfc_igw","mode":"managed","type":"aws_internet_gateway","name":"tfc_igw","provider_config_key":"aws","expressions":{"tags":{"constant_value":{"Name":"Challenge Internet Gateway"}},"vpc_id":{"references":["aws_vpc.tfc_vpc.id","aws_vpc.tfc_vpc"]}},"schema_version":0},{"address":"aws_launch_template.tfc_app_ltplt","mode":"managed","type":"aws_launch_template","name":"tfc_app_ltplt","provider_config_key":"aws","expressions":{"image_id":{"references":["var.tfc_app_ami"]},"instance_initiated_shutdown_behavior":{"constant_value":"terminate"},"instance_type":{"references":["var.TFC_INSTANCE_TYPE"]},"name":{"constant_value":"tfc_app_ltplt"},"tag_specifications":[{"resource_type":{"constant_value":"instance"},"tags":{"constant_value":{"Name":"tfc_app_instance"}}}],"user_data":{"references":["var.tfc_app_launch_script"]},"vpc_security_group_ids":{"references":["aws_security_group.tfc_app_sg.id","aws_security_group.tfc_app_sg"]}},"schema_version":0},{"address":"aws_launch_template.tfc_bke_ltplt","mode":"managed","type":"aws_launch_template","name":"tfc_bke_ltplt","provider_config_key":"aws","expressions":{"image_id":{"references":["var.tfc_bke_ami"]},"instance_initiated_shutdown_behavior":{"constant_value":"terminate"},"instance_type":{"references":["var.TFC_INSTANCE_TYPE"]},"name":{"constant_value":"tfc_bke_ltplt"},"tag_specifications":[{"resource_type":{"constant_value":"instance"},"tags":{"constant_value":{"Name":"tfc_bke_instance"}}}],"user_data":{"references":["var.tfc_bke_launch_script"]},"vpc_security_group_ids":{"references":["aws_security_group.tfc_bke_sg.id","aws_security_group.tfc_bke_sg"]}},"schema_version":0},{"address":"aws_lb.tfc_app_alb","mode":"managed","type":"aws_lb","name":"tfc_app_alb","provider_config_key":"aws","expressions":{"enable_deletion_protection":{"constant_value":true},"internal":{"constant_value":false},"load_balancer_type":{"constant_value":"application"},"security_groups":{"references":["aws_security_group.tfc_app_lb_sg.id","aws_security_group.tfc_app_lb_sg"]},"subnets":{"references":["aws_subnet.app_prv_snet_1.id","aws_subnet.app_prv_snet_1","aws_subnet.app_prv_snet_2.id","aws_subnet.app_prv_snet_2","aws_subnet.app_prv_snet_3.id","aws_subnet.app_prv_snet_3"]},"tags":{"constant_value":{"Environment":"production","name":"tfc_app_alb"}}},"schema_version":0},{"address":"aws_lb.tfc_bke_alb","mode":"managed","type":"aws_lb","name":"tfc_bke_alb","provider_config_key":"aws","expressions":{"enable_deletion_protection":{"constant_value":true},"internal":{"constant_value":true},"load_balancer_type":{"constant_value":"application"},"security_groups":{"references":["aws_security_group.tfc_bke_lb_sg.id","aws_security_group.tfc_bke_lb_sg"]},"subnets":{"references":["aws_subnet.bke_prv_snet_1.id","aws_subnet.bke_prv_snet_1","aws_subnet.bke_prv_snet_2.id","aws_subnet.bke_prv_snet_2","aws_subnet.bke_prv_snet_3.id","aws_subnet.bke_prv_snet_3"]},"tags":{"constant_value":{"Environment":"production","name":"tfc_bke_alb"}}},"schema_version":0},{"address":"aws_lb_listener.tfc_app_alb_listen","mode":"managed","type":"aws_lb_listener","name":"tfc_app_alb_listen","provider_config_key":"aws","expressions":{"default_action":[{"target_group_arn":{"references":["aws_lb_target_group.tfc_app_tgt_grp.arn","aws_lb_target_group.tfc_app_tgt_grp"]},"type":{"constant_value":"forward"}}],"load_balancer_arn":{"references":["aws_lb.tfc_app_alb.arn","aws_lb.tfc_app_alb"]},"port":{"constant_value":"80"},"protocol":{"constant_value":"HTTP"}},"schema_version":0},{"address":"aws_lb_listener.tfc_bke_alb_listen","mode":"managed","type":"aws_lb_listener","name":"tfc_bke_alb_listen","provider_config_key":"aws","expressions":{"default_action":[{"target_group_arn":{"references":["aws_lb_target_group.tfc_bke_tgt_grp.arn","aws_lb_target_group.tfc_bke_tgt_grp"]},"type":{"constant_value":"forward"}}],"load_balancer_arn":{"references":["aws_lb.tfc_bke_alb.arn","aws_lb.tfc_bke_alb"]},"port":{"constant_value":"4000"},"protocol":{"constant_value":"TCP"}},"schema_version":0},{"address":"aws_lb_target_group.tfc_app_tgt_grp","mode":"managed","type":"aws_lb_target_group","name":"tfc_app_tgt_grp","provider_config_key":"aws","expressions":{"name":{"constant_value":"tfc-app-tgt-grp"},"port":{"constant_value":80},"protocol":{"constant_value":"HTTP"},"target_type":{"constant_value":"alb"},"vpc_id":{"references":["aws_vpc.tfc_vpc.id","aws_vpc.tfc_vpc"]}},"schema_version":0},{"address":"aws_lb_target_group.tfc_bke_tgt_grp","mode":"managed","type":"aws_lb_target_group","name":"tfc_bke_tgt_grp","provider_config_key":"aws","expressions":{"name":{"constant_value":"tfc-bke-tgt-grp"},"port":{"constant_value":4000},"protocol":{"constant_value":"TCP"},"target_type":{"constant_value":"alb"},"vpc_id":{"references":["aws_vpc.tfc_vpc.id","aws_vpc.tfc_vpc"]}},"schema_version":0},{"address":"aws_route.default_pub_route","mode":"managed","type":"aws_route","name":"default_pub_route","provider_config_key":"aws","expressions":{"destination_cidr_block":{"references":["var.default_route"]},"gateway_id":{"references":["aws_internet_gateway.tfc_igw.id","aws_internet_gateway.tfc_igw"]},"route_table_id":{"references":["aws_route_table.tfc_pub_rt_table.id","aws_route_table.tfc_pub_rt_table"]}},"schema_version":0},{"address":"aws_route_table.tfc_app_rt_table","mode":"managed","type":"aws_route_table","name":"tfc_app_rt_table","provider_config_key":"aws","expressions":{"route":{"references":["var.vpc_cidr_prefix"]},"vpc_id":{"references":["aws_vpc.tfc_vpc.id","aws_vpc.tfc_vpc"]}},"schema_version":0},{"address":"aws_route_table.tfc_bke_rt_table","mode":"managed","type":"aws_route_table","name":"tfc_bke_rt_table","provider_config_key":"aws","expressions":{"route":{"references":["var.vpc_cidr_prefix"]},"vpc_id":{"references":["aws_vpc.tfc_vpc.id","aws_vpc.tfc_vpc"]}},"schema_version":0},{"address":"aws_route_table.tfc_pub_rt_table","mode":"managed","type":"aws_route_table","name":"tfc_pub_rt_table","provider_config_key":"aws","expressions":{"route":{"references":["aws_internet_gateway.tfc_igw.id","aws_internet_gateway.tfc_igw"]},"vpc_id":{"references":["aws_vpc.tfc_vpc.id","aws_vpc.tfc_vpc"]}},"schema_version":0},{"address":"aws_route_table_association.tfc_prv_app_a_rt","mode":"managed","type":"aws_route_table_association","name":"tfc_prv_app_a_rt","provider_config_key":"aws","expressions":{"route_table_id":{"references":["aws_route_table.tfc_app_rt_table.id","aws_route_table.tfc_app_rt_table"]},"subnet_id":{"references":["aws_subnet.app_prv_snet_1.id","aws_subnet.app_prv_snet_1"]}},"schema_version":0},{"address":"aws_route_table_association.tfc_prv_app_b_rt","mode":"managed","type":"aws_route_table_association","name":"tfc_prv_app_b_rt","provider_config_key":"aws","expressions":{"route_table_id":{"references":["aws_route_table.tfc_app_rt_table.id","aws_route_table.tfc_app_rt_table"]},"subnet_id":{"references":["aws_subnet.app_prv_snet_2.id","aws_subnet.app_prv_snet_2"]}},"schema_version":0},{"address":"aws_route_table_association.tfc_prv_app_c_rt","mode":"managed","type":"aws_route_table_association","name":"tfc_prv_app_c_rt","provider_config_key":"aws","expressions":{"route_table_id":{"references":["aws_route_table.tfc_app_rt_table.id","aws_route_table.tfc_app_rt_table"]},"subnet_id":{"references":["aws_subnet.app_prv_snet_3.id","aws_subnet.app_prv_snet_3"]}},"schema_version":0},{"address":"aws_route_table_association.tfc_prv_bke_a_rt","mode":"managed","type":"aws_route_table_association","name":"tfc_prv_bke_a_rt","provider_config_key":"aws","expressions":{"route_table_id":{"references":["aws_route_table.tfc_bke_rt_table.id","aws_route_table.tfc_bke_rt_table"]},"subnet_id":{"references":["aws_subnet.bke_prv_snet_1.id","aws_subnet.bke_prv_snet_1"]}},"schema_version":0},{"address":"aws_route_table_association.tfc_prv_bke_b_rt","mode":"managed","type":"aws_route_table_association","name":"tfc_prv_bke_b_rt","provider_config_key":"aws","expressions":{"route_table_id":{"references":["aws_route_table.tfc_bke_rt_table.id","aws_route_table.tfc_bke_rt_table"]},"subnet_id":{"references":["aws_subnet.bke_prv_snet_2.id","aws_subnet.bke_prv_snet_2"]}},"schema_version":0},{"address":"aws_route_table_association.tfc_prv_bke_c_rt","mode":"managed","type":"aws_route_table_association","name":"tfc_prv_bke_c_rt","provider_config_key":"aws","expressions":{"route_table_id":{"references":["aws_route_table.tfc_bke_rt_table.id","aws_route_table.tfc_bke_rt_table"]},"subnet_id":{"references":["aws_subnet.bke_prv_snet_3.id","aws_subnet.bke_prv_snet_3"]}},"schema_version":0},{"address":"aws_route_table_association.tfc_pub_app_rt","mode":"managed","type":"aws_route_table_association","name":"tfc_pub_app_rt","provider_config_key":"aws","expressions":{"route_table_id":{"references":["aws_route_table.tfc_pub_rt_table.id","aws_route_table.tfc_pub_rt_table"]},"subnet_id":{"references":["aws_subnet.lbl_pub_snet_1.id","aws_subnet.lbl_pub_snet_1"]}},"schema_version":0},{"address":"aws_route_table_association.tfc_pub_bke_rt","mode":"managed","type":"aws_route_table_association","name":"tfc_pub_bke_rt","provider_config_key":"aws","expressions":{"route_table_id":{"references":["aws_route_table.tfc_pub_rt_table.id","aws_route_table.tfc_pub_rt_table"]},"subnet_id":{"references":["aws_subnet.lbl_pub_snet_2.id","aws_subnet.lbl_pub_snet_2"]}},"schema_version":0},{"address":"aws_security_group.tfc-pub-sg","mode":"managed","type":"aws_security_group","name":"tfc-pub-sg","provider_config_key":"aws","expressions":{"description":{"constant_value":"Security Group Public"},"ingress":{"constant_value":[{"cidr_blocks":["0.0.0.0/0"],"description":"SSH Port","from_port":22,"ipv6_cidr_blocks":null,"prefix_list_ids":null,"protocol":"tcp","security_groups":null,"self":null,"to_port":22}]},"name":{"constant_value":"tfc-pub-sg"},"vpc_id":{"references":["aws_vpc.tfc_vpc.id","aws_vpc.tfc_vpc"]}},"schema_version":1},{"address":"aws_security_group.tfc_app_lb_sg","mode":"managed","type":"aws_security_group","name":"tfc_app_lb_sg","provider_config_key":"aws","expressions":{"description":{"constant_value":"Security Group for Apps Load Balancer"},"ingress":{"constant_value":[{"cidr_blocks":["0.0.0.0/0"],"description":"HTTP Port","from_port":80,"ipv6_cidr_blocks":null,"prefix_list_ids":null,"protocol":"tcp","security_groups":null,"self":null,"to_port":80}]},"name":{"constant_value":"tfc_app_lb_sg"},"vpc_id":{"references":["aws_vpc.tfc_vpc.id","aws_vpc.tfc_vpc"]}},"schema_version":1},{"address":"aws_security_group.tfc_app_sg","mode":"managed","type":"aws_security_group","name":"tfc_app_sg","provider_config_key":"aws","expressions":{"description":{"constant_value":"Security Group for Apps Instances"},"ingress":{"references":["aws_security_group.tfc_app_lb_sg.id","aws_security_group.tfc_app_lb_sg"]},"name":{"constant_value":"tfc_app_sg"},"vpc_id":{"references":["aws_vpc.tfc_vpc.id","aws_vpc.tfc_vpc"]}},"schema_version":1},{"address":"aws_security_group.tfc_bke_lb_sg","mode":"managed","type":"aws_security_group","name":"tfc_bke_lb_sg","provider_config_key":"aws","expressions":{"description":{"constant_value":"Security Group from Apps Instances to Bke LoadBalancer"},"ingress":{"constant_value":[{"cidr_blocks":["0.0.0.0/0"],"description":"Port 4000","from_port":4000,"ipv6_cidr_blocks":null,"prefix_list_ids":null,"protocol":"tcp","security_groups":null,"self":null,"to_port":4000}]},"name":{"constant_value":"tfc_bke_lb_sg"},"vpc_id":{"references":["aws_vpc.tfc_vpc.id","aws_vpc.tfc_vpc"]}},"schema_version":1},{"address":"aws_security_group.tfc_bke_sg","mode":"managed","type":"aws_security_group","name":"tfc_bke_sg","provider_config_key":"aws","expressions":{"description":{"constant_value":"Security Group for Backend Instances"},"ingress":{"references":["aws_security_group.tfc_bke_lb_sg.id","aws_security_group.tfc_bke_lb_sg"]},"name":{"constant_value":"tfc_bke_sg"},"vpc_id":{"references":["aws_vpc.tfc_vpc.id","aws_vpc.tfc_vpc"]}},"schema_version":1},{"address":"aws_security_group.tfc_rds_dba_sg","mode":"managed","type":"aws_security_group","name":"tfc_rds_dba_sg","provider_config_key":"aws","expressions":{"description":{"constant_value":"Security Group for RDS Database"},"ingress":{"references":["aws_security_group.tfc_bke_sg.id","aws_security_group.tfc_bke_sg"]},"name":{"constant_value":"tfc_bke_lb_sg"},"vpc_id":{"references":["aws_vpc.tfc_vpc.id","aws_vpc.tfc_vpc"]}},"schema_version":1},{"address":"aws_subnet.app_prv_snet_1","mode":"managed","type":"aws_subnet","name":"app_prv_snet_1","provider_config_key":"aws","expressions":{"availability_zone":{"references":["var.AWS_REGION"]},"cidr_block":{"references":["var.vpc_cidr_prefix"]},"tags":{"constant_value":{"Name":"app_prv_snet_1"}},"vpc_id":{"references":["aws_vpc.tfc_vpc.id","aws_vpc.tfc_vpc"]}},"schema_version":1},{"address":"aws_subnet.app_prv_snet_2","mode":"managed","type":"aws_subnet","name":"app_prv_snet_2","provider_config_key":"aws","expressions":{"availability_zone":{"references":["var.AWS_REGION"]},"cidr_block":{"references":["var.vpc_cidr_prefix"]},"tags":{"constant_value":{"Name":"lbl_pub_snet_2"}},"vpc_id":{"references":["aws_vpc.tfc_vpc.id","aws_vpc.tfc_vpc"]}},"schema_version":1},{"address":"aws_subnet.app_prv_snet_3","mode":"managed","type":"aws_subnet","name":"app_prv_snet_3","provider_config_key":"aws","expressions":{"availability_zone":{"references":["var.AWS_REGION"]},"cidr_block":{"references":["var.vpc_cidr_prefix"]},"tags":{"constant_value":{"Name":"lbl_pub_snet_2"}},"vpc_id":{"references":["aws_vpc.tfc_vpc.id","aws_vpc.tfc_vpc"]}},"schema_version":1},{"address":"aws_subnet.bke_prv_snet_1","mode":"managed","type":"aws_subnet","name":"bke_prv_snet_1","provider_config_key":"aws","expressions":{"availability_zone":{"references":["var.AWS_REGION"]},"cidr_block":{"references":["var.vpc_cidr_prefix"]},"tags":{"constant_value":{"Name":"bke_prv_snet_1"}},"vpc_id":{"references":["aws_vpc.tfc_vpc.id","aws_vpc.tfc_vpc"]}},"schema_version":1},{"address":"aws_subnet.bke_prv_snet_2","mode":"managed","type":"aws_subnet","name":"bke_prv_snet_2","provider_config_key":"aws","expressions":{"availability_zone":{"references":["var.AWS_REGION"]},"cidr_block":{"references":["var.vpc_cidr_prefix"]},"tags":{"constant_value":{"Name":"bke_prv_snet_2"}},"vpc_id":{"references":["aws_vpc.tfc_vpc.id","aws_vpc.tfc_vpc"]}},"schema_version":1},{"address":"aws_subnet.bke_prv_snet_3","mode":"managed","type":"aws_subnet","name":"bke_prv_snet_3","provider_config_key":"aws","expressions":{"availability_zone":{"references":["var.AWS_REGION"]},"cidr_block":{"references":["var.vpc_cidr_prefix"]},"tags":{"constant_value":{"Name":"bke_prv_snet_3"}},"vpc_id":{"references":["aws_vpc.tfc_vpc.id","aws_vpc.tfc_vpc"]}},"schema_version":1},{"address":"aws_subnet.lbl_pub_snet_1","mode":"managed","type":"aws_subnet","name":"lbl_pub_snet_1","provider_config_key":"aws","expressions":{"availability_zone":{"references":["var.AWS_REGION"]},"cidr_block":{"references":["var.vpc_cidr_prefix"]},"map_public_ip_on_launch":{"constant_value":"true"},"tags":{"constant_value":{"Name":"lbl_pub_snet_1"}},"vpc_id":{"references":["aws_vpc.tfc_vpc.id","aws_vpc.tfc_vpc"]}},"schema_version":1},{"address":"aws_subnet.lbl_pub_snet_2","mode":"managed","type":"aws_subnet","name":"lbl_pub_snet_2","provider_config_key":"aws","expressions":{"availability_zone":{"references":["var.AWS_REGION"]},"cidr_block":{"references":["var.vpc_cidr_prefix"]},"map_public_ip_on_launch":{"constant_value":"true"},"tags":{"constant_value":{"Name":"lbl_pub_snet_2"}},"vpc_id":{"references":["aws_vpc.tfc_vpc.id","aws_vpc.tfc_vpc"]}},"schema_version":1},{"address":"aws_subnet.rds_prv_snet_1","mode":"managed","type":"aws_subnet","name":"rds_prv_snet_1","provider_config_key":"aws","expressions":{"availability_zone":{"references":["var.AWS_REGION"]},"cidr_block":{"references":["var.vpc_cidr_prefix"]},"tags":{"constant_value":{"Name":"rds_prv_snet_1"}},"vpc_id":{"references":["aws_vpc.tfc_vpc.id","aws_vpc.tfc_vpc"]}},"schema_version":1},{"address":"aws_vpc.tfc_vpc","mode":"managed","type":"aws_vpc","name":"tfc_vpc","provider_config_key":"aws","expressions":{"cidr_block":{"references":["var.vpc_cidr"]},"tags":{"constant_value":{"Name":"tfc_vpc"}}},"schema_version":1}],"variables":{"AWS_REGION":{"default":"us-east-1"},"TFC_INSTANCE_TYPE":{"default":"t2.micro"},"av_zones":{"default":["a","b","c"]},"default_route":{"default":"0.0.0.0/0","description":"Default Route from and to internet"},"tfc_app_ami":{"default":"ami-0f2c126811ca75d0c"},"tfc_app_launch_script":{"default":"  #!/bin/bash\n  cd /home/ubuntu/frontend\n  sudo -u ubuntu pm2 serve build 3000 --spa --name AppFrontend\n  sudo -u ubuntu pm2 save \n"},"tfc_bke_ami":{"default":"ami-037f342acee5b762d"},"tfc_bke_launch_script":{"default":""},"vpc_cidr":{"default":"10.1.0.0/16"},"vpc_cidr_prefix":{"default":"10.1."}}}},"relevant_attributes":[{"resource":"aws_route_table.tfc_app_rt_table","attribute":["id"]},{"resource":"aws_subnet.bke_prv_snet_3","attribute":["id"]},{"resource":"aws_subnet.bke_prv_snet_2","attribute":["id"]},{"resource":"aws_subnet.lbl_pub_snet_2","attribute":["id"]},{"resource":"aws_subnet.lbl_pub_snet_1","attribute":["id"]},{"resource":"aws_lb.tfc_bke_alb","attribute":["arn"]},{"resource":"aws_security_group.tfc_app_sg","attribute":["id"]},{"resource":"aws_lb_target_group.tfc_bke_tgt_grp","attribute":["id"]},{"resource":"aws_launch_template.tfc_bke_ltplt","attribute":["id"]},{"resource":"aws_lb_target_group.tfc_app_tgt_grp","attribute":["id"]},{"resource":"aws_vpc.tfc_vpc","attribute":["id"]},{"resource":"aws_route_table.tfc_bke_rt_table","attribute":["id"]},{"resource":"aws_security_group.tfc_app_lb_sg","attribute":["id"]},{"resource":"aws_launch_template.tfc_app_ltplt","attribute":["id"]},{"resource":"aws_subnet.app_prv_snet_2","attribute":["id"]},{"resource":"aws_route_table.tfc_pub_rt_table","attribute":["id"]},{"resource":"aws_security_group.tfc_bke_sg","attribute":["id"]},{"resource":"aws_subnet.app_prv_snet_1","attribute":["id"]},{"resource":"aws_internet_gateway.tfc_igw","attribute":["id"]},{"resource":"aws_subnet.app_prv_snet_3","attribute":["id"]},{"resource":"aws_subnet.bke_prv_snet_1","attribute":["id"]},{"resource":"aws_security_group.tfc_bke_lb_sg","attribute":["id"]},{"resource":"aws_lb_target_group.tfc_bke_tgt_grp","attribute":["arn"]},{"resource":"aws_lb.tfc_app_alb","attribute":["arn"]},{"resource":"aws_lb_target_group.tfc_app_tgt_grp","attribute":["arn"]}]}
